
Microsoft Visual Studio Solution File, Format Version 12.00
# Visual Studio Version 16
VisualStudioVersion = 16.0.30128.74
MinimumVisualStudioVersion = 10.0.40219.1
Project("{FAE04EC0-301F-11D3-BF4B-00C04F79EFBC}") = "POO Ejercicio 3", "POO Ejercicio 3\POO Ejercicio 3.csproj", "{A409EB0F-73F0-46A3-ACE0-57908EEECDE3}"
EndProject
Global
	GlobalSection(SolutionConfigurationPlatforms) = preSolution
		Debug|Any CPU = Debug|Any CPU
		Release|Any CPU = Release|Any CPU
	EndGlobalSection
	GlobalSection(ProjectConfigurationPlatforms) = postSolution
		{A409EB0F-73F0-46A3-ACE0-57908EEECDE3}.Debug|Any CPU.ActiveCfg = Debug|Any CPU
		{A409EB0F-73F0-46A3-ACE0-57908EEECDE3}.Debug|Any CPU.Build.0 = Debug|Any CPU
		{A409EB0F-73F0-46A3-ACE0-57908EEECDE3}.Release|Any CPU.ActiveCfg = Release|Any CPU
		{A409EB0F-73F0-46A3-ACE0-57908EEECDE3}.Release|Any CPU.Build.0 = Release|Any CPU
	EndGlobalSection
	GlobalSection(SolutionProperties) = preSolution
		HideSolutionNode = FALSE
	EndGlobalSection
	GlobalSection(ExtensibilityGlobals) = postSolution
		SolutionGuid = {9561F320-DB5A-459E-9CA0-B30FDA110A93}
	EndGlobalSection
EndGlobal
